# This file was autogenerated by Stack.
# You should not edit this file by hand.
# For more information, please see the documentation at:
#   https://docs.haskellstack.org/en/stable/lock_files

packages:
- completed:
    hackage: language-python-0.5.6@sha256:ee38764d4e65a080651081a8e762cfc5dcdc36e540fe2a1a1ee8f726cbb5240d,2515
    pantry-tree:
      size: 2000
      sha256: a7f655e31e43d034c7430f532d2f734248340627c41a6998ddbef706159fd2be
  original:
    hackage: language-python-0.5.6@sha256:ee38764d4e65a080651081a8e762cfc5dcdc36e540fe2a1a1ee8f726cbb5240d,2515
- completed:
    hackage: containers-0.5.11.0@sha256:28ad7337057442f75bc689315ab4ec7bdf5e6b2c39668f306672cecd82c02798,16685
    pantry-tree:
      size: 4849
      sha256: faa4e75922a28f7cfe9920c1d7ab3866b792cefcd29bf79f54cfe3b6b5f57cbf
  original:
    hackage: containers-0.5.11.0@sha256:28ad7337057442f75bc689315ab4ec7bdf5e6b2c39668f306672cecd82c02798,16685
snapshots:
- completed:
    size: 523700
    url: https://raw.githubusercontent.com/commercialhaskell/stackage-snapshots/master/lts/14/7.yaml
    sha256: 8e3f3c894be74d71fa4bf085e0a8baae7e4d7622d07ea31a52736b80f8b9bb1a
  original: lts-14.7
